
Microsoft Visual Studio Solution File, Format Version 12.00
# Visual Studio 15
VisualStudioVersion = 15.0.28307.572
MinimumVisualStudioVersion = 10.0.40219.1
Project("{9A19103F-16F7-4668-BE54-9A1E7A4F7556}") = "TCM.Web", "TCM.Web\TCM.Web.csproj", "{F19DBF3C-A6F7-4D91-A1F9-718910C727C8}"
EndProject
Project("{9A19103F-16F7-4668-BE54-9A1E7A4F7556}") = "TCM.Models", "TCM.Models\TCM.Models.csproj", "{F9427459-B9EF-43EB-A9FF-30884F9CACDF}"
EndProject
Global
	GlobalSection(SolutionConfigurationPlatforms) = preSolution
		Debug|Any CPU = Debug|Any CPU
		Release|Any CPU = Release|Any CPU
	EndGlobalSection
	GlobalSection(ProjectConfigurationPlatforms) = postSolution
		{F19DBF3C-A6F7-4D91-A1F9-718910C727C8}.Debug|Any CPU.ActiveCfg = Debug|Any CPU
		{F19DBF3C-A6F7-4D91-A1F9-718910C727C8}.Debug|Any CPU.Build.0 = Debug|Any CPU
		{F19DBF3C-A6F7-4D91-A1F9-718910C727C8}.Release|Any CPU.ActiveCfg = Release|Any CPU
		{F19DBF3C-A6F7-4D91-A1F9-718910C727C8}.Release|Any CPU.Build.0 = Release|Any CPU
		{F9427459-B9EF-43EB-A9FF-30884F9CACDF}.Debug|Any CPU.ActiveCfg = Debug|Any CPU
		{F9427459-B9EF-43EB-A9FF-30884F9CACDF}.Debug|Any CPU.Build.0 = Debug|Any CPU
		{F9427459-B9EF-43EB-A9FF-30884F9CACDF}.Release|Any CPU.ActiveCfg = Release|Any CPU
		{F9427459-B9EF-43EB-A9FF-30884F9CACDF}.Release|Any CPU.Build.0 = Release|Any CPU
	EndGlobalSection
	GlobalSection(SolutionProperties) = preSolution
		HideSolutionNode = FALSE
	EndGlobalSection
	GlobalSection(ExtensibilityGlobals) = postSolution
		SolutionGuid = {39F16252-C832-4CC9-8BEA-1F1FC2B745A3}
	EndGlobalSection
EndGlobal
